
Microsoft Visual Studio Solution File, Format Version 12.00
# Visual Studio 15
Project("{FAE04EC0-301F-11D3-BF4B-00C04F79EFBC}") = "Assembly-CSharp", "Assembly-CSharp.csproj", "{601498A7-546D-E3CB-13B6-5460C583E5AB}"
EndProject
Project("{FAE04EC0-301F-11D3-BF4B-00C04F79EFBC}") = "Assembly-CSharp-Editor", "Assembly-CSharp-Editor.csproj", "{A1C3166B-DFD0-38E8-5BCF-CDFF31215C97}"
EndProject
Global
	GlobalSection(SolutionConfigurationPlatforms) = preSolution
		Debug|Any CPU = Debug|Any CPU
		Release|Any CPU = Release|Any CPU
	EndGlobalSection
	GlobalSection(ProjectConfigurationPlatforms) = postSolution
		{601498A7-546D-E3CB-13B6-5460C583E5AB}.Debug|Any CPU.ActiveCfg = Debug|Any CPU
		{601498A7-546D-E3CB-13B6-5460C583E5AB}.Debug|Any CPU.Build.0 = Debug|Any CPU
		{601498A7-546D-E3CB-13B6-5460C583E5AB}.Release|Any CPU.ActiveCfg = Release|Any CPU
		{601498A7-546D-E3CB-13B6-5460C583E5AB}.Release|Any CPU.Build.0 = Release|Any CPU
		{A1C3166B-DFD0-38E8-5BCF-CDFF31215C97}.Debug|Any CPU.ActiveCfg = Debug|Any CPU
		{A1C3166B-DFD0-38E8-5BCF-CDFF31215C97}.Debug|Any CPU.Build.0 = Debug|Any CPU
		{A1C3166B-DFD0-38E8-5BCF-CDFF31215C97}.Release|Any CPU.ActiveCfg = Release|Any CPU
		{A1C3166B-DFD0-38E8-5BCF-CDFF31215C97}.Release|Any CPU.Build.0 = Release|Any CPU
	EndGlobalSection
	GlobalSection(SolutionProperties) = preSolution
		HideSolutionNode = FALSE
	EndGlobalSection
EndGlobal
